{
  "version": "5",
  "redirects": {
    "https://esm.sh/@supabase/node-fetch@^2.6.14?target=denonext": "https://esm.sh/@supabase/node-fetch@2.6.15?target=denonext",
    "https://esm.sh/bufferutil@^4.0.1?target=denonext": "https://esm.sh/bufferutil@4.1.0?target=denonext",
    "https://esm.sh/node-gyp-build@^4.3.0?target=denonext": "https://esm.sh/node-gyp-build@4.8.4?target=denonext",
    "https://esm.sh/tr46@~0.0.3?target=denonext": "https://esm.sh/tr46@0.0.3?target=denonext",
    "https://esm.sh/utf-8-validate@%3E=5.0.2?target=denonext": "https://esm.sh/utf-8-validate@6.0.6?target=denonext",
    "https://esm.sh/webidl-conversions@^3.0.0?target=denonext": "https://esm.sh/webidl-conversions@3.0.1?target=denonext",
    "https://esm.sh/whatwg-url@^5.0.0?target=denonext": "https://esm.sh/whatwg-url@5.0.0?target=denonext",
    "https://esm.sh/ws@^8.18.0?target=denonext": "https://esm.sh/ws@8.19.0?target=denonext"
  },
  "remote": {
    "https://esm.sh/@supabase/auth-js@2.65.1/denonext/auth-js.mjs": "82701851608f9c7a52d03bb0a4af6e6cc74170ffd56113801ed17a4d69c01f50",
    "https://esm.sh/@supabase/functions-js@2.4.3/denonext/functions-js.mjs": "1dc3e89b1726a49855256f2a77f12d63aeeb506b5481d257e225333372cefe1f",
    "https://esm.sh/@supabase/node-fetch@2.6.15/denonext/node-fetch.mjs": "0bae9052231f4f6dbccc7234d05ea96923dbf967be12f402764580b6bf9f713d",
    "https://esm.sh/@supabase/node-fetch@2.6.15?target=denonext": "4d28c4ad97328403184353f68434f2b6973971507919e9150297413664919cf3",
    "https://esm.sh/@supabase/postgrest-js@1.16.3/denonext/postgrest-js.mjs": "ef1f5a1c3f633a7ed97e19949ea817806470a6fb02cd02f78e2b1a0e38adfb2a",
    "https://esm.sh/@supabase/realtime-js@2.11.2/denonext/realtime-js.mjs": "c33ac375b6be89c893f9df844d2525a4ace015a35aa6ba236270d00c6605c7ba",
    "https://esm.sh/@supabase/storage-js@2.7.1/denonext/storage-js.mjs": "73ac8cdc95cfcd794fe603dbd7ce06d539ab51538ae6467eabe0f9cc26c993aa",
    "https://esm.sh/@supabase/supabase-js@2.47.0": "4b436f1a1e0d853e786f416493c8d2601d6734ebcb59f9f5b5e354735cde40ef",
    "https://esm.sh/@supabase/supabase-js@2.47.0/denonext/supabase-js.mjs": "61faef7bd296c4217fe95373b16c12b2920f468ef176f62e9cbceb27998bb6c8",
    "https://esm.sh/bufferutil@4.1.0/denonext/bufferutil.mjs": "9b6e81087bdc57848ad1de1f8618ebbace98ebd9ff6cab51260b48c2a045a9c9",
    "https://esm.sh/bufferutil@4.1.0?target=denonext": "aaa2a112199593ccc40da1aedf5124779862ea166afb0a8529f04f907001428a",
    "https://esm.sh/node-gyp-build@4.8.4/denonext/node-gyp-build.mjs": "9a86f2d044fc77bd60aaa3d697c2ba1b818da5fb1b9aaeedec59a40b8e908803",
    "https://esm.sh/node-gyp-build@4.8.4?target=denonext": "261a6cedf1fdbf159798141ba1e2311ac1510682c5c8b55dacc8cf5fdee4aa06",
    "https://esm.sh/tr46@0.0.3/denonext/tr46.mjs": "5753ec0a99414f4055f0c1f97691100f13d88e48a8443b00aebb90a512785fa2",
    "https://esm.sh/tr46@0.0.3?target=denonext": "19cb9be0f0d418a0c3abb81f2df31f080e9540a04e43b0f699bce1149cba0cbb",
    "https://esm.sh/utf-8-validate@6.0.6/denonext/utf-8-validate.mjs": "4a41983aa887625615f52a52b53c223d8f16c74e52a6bd41b2c361894c07f878",
    "https://esm.sh/utf-8-validate@6.0.6?target=denonext": "8afa4e097093160323f232f971ca61474d22ccafdac8025e4e4f66ab4e07b2c4",
    "https://esm.sh/webidl-conversions@3.0.1/denonext/webidl-conversions.mjs": "238cd0743827707cbc1c2d7c2cf1027dbc536fb53ec9a3fde0ff8026a3ac5385",
    "https://esm.sh/webidl-conversions@3.0.1?target=denonext": "4e20318d50528084616c79d7b3f6e7f0fe7b6d09013bd01b3974d7448d767e29",
    "https://esm.sh/whatwg-url@5.0.0/denonext/whatwg-url.mjs": "29b16d74ee72624c915745bbd25b617cfd2248c6af0f5120d131e232a9a9af79",
    "https://esm.sh/whatwg-url@5.0.0?target=denonext": "f001a2cadf81312d214ca330033f474e74d81a003e21e8c5d70a1f46dc97b02d",
    "https://esm.sh/ws@8.19.0/denonext/ws.mjs": "20159ebe457a6c0fdf9a80f10ab7cb73d0d7359e507c714f65eb9eadcc6ab9b2",
    "https://esm.sh/ws@8.19.0?target=denonext": "5754cf6636f02a4d1d3d9aaa9ebca9f6c08c121d3b3f0935dc2936b7a14c9453"
  },
  "workspace": {
    "packageJson": {
      "dependencies": [
        "npm:@eslint/js@^9.17.0",
        "npm:@octokit/auth-app@8.1.2",
        "npm:@types/node@^20.10.0",
        "npm:@typescript-eslint/eslint-plugin@^8.18.0",
        "npm:@typescript-eslint/parser@^8.18.0",
        "npm:@vitest/coverage-v8@4.0.16",
        "npm:claude-flow@2.7.47",
        "npm:esbuild@0.27.2",
        "npm:eslint-config-prettier@^9.1.0",
        "npm:eslint@^9.17.0",
        "npm:globals@^15.14.0",
        "npm:husky@^9.1.7",
        "npm:lint-staged@^15.2.11",
        "npm:posthog-node@5.19.0",
        "npm:prettier@^3.4.2",
        "npm:supabase@2.71.3",
        "npm:tsx@^4.7.0",
        "npm:typescript-eslint@^8.18.0",
        "npm:typescript@^5.7.2",
        "npm:varlock@0.1.4",
        "npm:vercel@50.1.6",
        "npm:vitest@4.0.16"
      ]
    },
    "members": {
      "packages/cli": {
        "packageJson": {
          "dependencies": [
            "npm:@inquirer/prompts@7",
            "npm:@skillsmith/core@*",
            "npm:@types/node@^20.10.0",
            "npm:chalk@^5.3.0",
            "npm:cli-table3@~0.6.5",
            "npm:commander@12",
            "npm:esbuild@0.27.2",
            "npm:ora@8",
            "npm:vitest@4.0.16"
          ]
        }
      },
      "packages/core": {
        "packageJson": {
          "dependencies": [
            "npm:@opentelemetry/api@1.9.0",
            "npm:@opentelemetry/auto-instrumentations-node@0.52.1",
            "npm:@opentelemetry/exporter-trace-otlp-http@0.56.0",
            "npm:@opentelemetry/resources@1.30.1",
            "npm:@opentelemetry/sdk-node@0.56.0",
            "npm:@opentelemetry/sdk-trace-base@1.30.1",
            "npm:@opentelemetry/semantic-conventions@1.38.0",
            "npm:@types/better-sqlite3@7.6.13",
            "npm:@xenova/transformers@2.17.2",
            "npm:better-sqlite3@11.10.0",
            "npm:lru-cache@^10.1.0",
            "npm:posthog-node@^5.21.0",
            "npm:typescript@5",
            "npm:vitest@4.0.16",
            "npm:zod@4.2.1"
          ]
        }
      },
      "packages/enterprise": {
        "packageJson": {
          "dependencies": [
            "npm:@aws-sdk/client-cloudwatch-logs@^3.700.0",
            "npm:@skillsmith/core@*",
            "npm:jose@^5.2.0",
            "npm:vitest@4.0.16",
            "npm:zod@4.2.1"
          ]
        }
      },
      "packages/mcp-server": {
        "packageJson": {
          "dependencies": [
            "npm:@modelcontextprotocol/sdk@^1.0.4",
            "npm:@skillsmith/core@*",
            "npm:esbuild@0.27.2",
            "npm:tsx@^4.6.0",
            "npm:vitest@4.0.16",
            "npm:zod@^3.25.0"
          ]
        }
      },
      "packages/vscode-extension": {
        "packageJson": {
          "dependencies": [
            "npm:@types/node@^20.11.0",
            "npm:@types/vscode@^1.85.0",
            "npm:@vscode/vsce@^2.22.0",
            "npm:esbuild@0.27.2",
            "npm:eslint@^8.56.0",
            "npm:typescript@^5.3.3",
            "npm:vitest@4.0.16"
          ]
        }
      },
      "packages/website": {
        "packageJson": {
          "dependencies": [
            "npm:@astrojs/check@~0.9.4",
            "npm:@astrojs/sitemap@^3.2.1",
            "npm:@astrojs/tailwind@2.1.3",
            "npm:@astrojs/vercel@9.0.3",
            "npm:@types/node@^22.9.0",
            "npm:astro@5.16.9",
            "npm:autoprefixer@10.4.23",
            "npm:eslint-plugin-astro@^1.3.0",
            "npm:eslint@^9.14.0",
            "npm:postcss@8.5.6",
            "npm:prettier-plugin-astro@~0.14.1",
            "npm:prettier@^3.3.3",
            "npm:tailwindcss@^3.4.14",
            "npm:typescript@^5.6.3"
          ]
        }
      }
    }
  }
}
